// !$*UTF8*$!
{
	archiveVersion = 1;
	classes = {
	};
	objectVersion = 77;
	objects = {

/* Begin PBXBuildFile section */
		4C311F432FBA5B6200FC057E /* WidgetKit.framework in Frameworks */ = {isa = PBXBuildFile; fileRef = 4C63FC752EA12A540062E93F /* WidgetKit.framework */; };
		4C311F442FBA5B6200FC057E /* SwiftUI.framework in Frameworks */ = {isa = PBXBuildFile; fileRef = 4C63FC772EA12A540062E93F /* SwiftUI.framework */; };
		4C311F552FBA5B6200FC057E /* BeeFocusWidgetExtension.appex in Embed Foundation Extensions */ = {isa = PBXBuildFile; fileRef = 4C311F422FBA5B6100FC057E /* BeeFocusWidgetExtension.appex */; settings = {ATTRIBUTES = (RemoveHeadersOnCopy, ); }; };
		4C5964352EA2E37F0029EDCA /* BeeFocus-ofc-Info.plist in Resources */ = {isa = PBXBuildFile; fileRef = 4C5964342EA2E37F0029EDCA /* BeeFocus-ofc-Info.plist */; };
		4C8B69602E1C82D800C30F43 /* Lottie in Frameworks */ = {isa = PBXBuildFile; productRef = 4C8B695F2E1C82D800C30F43 /* Lottie */; };
		4CAAF9462FC383530066FDCD /* ManagedSettings.framework in Frameworks */ = {isa = PBXBuildFile; fileRef = 6F2CB7E88B5D4B788699D26E /* ManagedSettings.framework */; };
		4CAAF9482FC383530066FDCD /* ManagedSettingsUI.framework in Frameworks */ = {isa = PBXBuildFile; fileRef = 4CAAF9472FC383530066FDCD /* ManagedSettingsUI.framework */; };
		4CAAF9502FC383530066FDCD /* BeeFocusShieldExtension.appex in Embed Foundation Extensions */ = {isa = PBXBuildFile; fileRef = 4CAAF9452FC383530066FDCD /* BeeFocusShieldExtension.appex */; settings = {ATTRIBUTES = (RemoveHeadersOnCopy, ); }; };
		86B155A9361B45D786613AC8 /* FamilyControls.framework in Frameworks */ = {isa = PBXBuildFile; fileRef = 8D885247F580478E8C853ED3 /* FamilyControls.framework */; };
		DF03D380025D4A078E8C6B13 /* ManagedSettings.framework in Frameworks */ = {isa = PBXBuildFile; fileRef = 6F2CB7E88B5D4B788699D26E /* ManagedSettings.framework */; };
/* End PBXBuildFile section */

/* Begin PBXContainerItemProxy section */
		4C311F532FBA5B6200FC057E /* PBXContainerItemProxy */ = {
			isa = PBXContainerItemProxy;
			containerPortal = 4CCA1DC52DFF618A007F640D /* Project object */;
			proxyType = 1;
			remoteGlobalIDString = 4C311F412FBA5B6100FC057E;
			remoteInfo = BeeFocusWidgetExtension;
		};
		4C3C4EC52FCEAFEC00035189 /* PBXContainerItemProxy */ = {
			isa = PBXContainerItemProxy;
			containerPortal = 4CCA1DC52DFF618A007F640D /* Project object */;
			proxyType = 1;
			remoteGlobalIDString = 4C3C4EB52FCEAFEB00035189;
			remoteInfo = BeeFocusMac;
		};
		4C3C4ECF2FCEAFEC00035189 /* PBXContainerItemProxy */ = {
			isa = PBXContainerItemProxy;
			containerPortal = 4CCA1DC52DFF618A007F640D /* Project object */;
			proxyType = 1;
			remoteGlobalIDString = 4C3C4EB52FCEAFEB00035189;
			remoteInfo = BeeFocusMac;
		};
		4CAAF94E2FC383530066FDCD /* PBXContainerItemProxy */ = {
			isa = PBXContainerItemProxy;
			containerPortal = 4CCA1DC52DFF618A007F640D /* Project object */;
			proxyType = 1;
			remoteGlobalIDString = 4CAAF9442FC383530066FDCD;
			remoteInfo = BeeFocusShieldExtension;
		};
		4CAAF9932FC4F3A20066FDCD /* PBXContainerItemProxy */ = {
			isa = PBXContainerItemProxy;
			containerPortal = 4CCA1DC52DFF618A007F640D /* Project object */;
			proxyType = 1;
			remoteGlobalIDString = 4CAAF9822FC4F3A10066FDCD;
			remoteInfo = "BeeFocusWatch Watch App";
		};
		4CAAF99D2FC4F3A20066FDCD /* PBXContainerItemProxy */ = {
			isa = PBXContainerItemProxy;
			containerPortal = 4CCA1DC52DFF618A007F640D /* Project object */;
			proxyType = 1;
			remoteGlobalIDString = 4CAAF9822FC4F3A10066FDCD;
			remoteInfo = "BeeFocusWatch Watch App";
		};
/* End PBXContainerItemProxy section */

/* Begin PBXCopyFilesBuildPhase section */
		4C63FC8E2EA12A550062E93F /* Embed Foundation Extensions */ = {
			isa = PBXCopyFilesBuildPhase;
			buildActionMask = 12;
			dstPath = "";
			dstSubfolderSpec = 13;
			files = (
				4C311F552FBA5B6200FC057E /* BeeFocusWidgetExtension.appex in Embed Foundation Extensions */,
				4CAAF9502FC383530066FDCD /* BeeFocusShieldExtension.appex in Embed Foundation Extensions */,
			);
			name = "Embed Foundation Extensions";
			runOnlyForDeploymentPostprocessing = 0;
		};
		4C84FD962E1C7DC400DEF053 /* Embed Frameworks */ = {
			isa = PBXCopyFilesBuildPhase;
			buildActionMask = 2147483647;
			dstPath = "";
			dstSubfolderSpec = 10;
			files = (
			);
			name = "Embed Frameworks";
			runOnlyForDeploymentPostprocessing = 0;
		};
/* End PBXCopyFilesBuildPhase section */

/* Begin PBXFileReference section */
		22C173DDB1774ABB88EF4150 /* ShieldConfigurationExtension.swift */ = {isa = PBXFileReference; lastKnownFileType = sourcecode.swift; name = ShieldConfigurationExtension.swift; path = BeeFocusShieldExtension/ShieldConfigurationExtension.swift; sourceTree = "<group>"; };
		4C311F422FBA5B6100FC057E /* BeeFocusWidgetExtension.appex */ = {isa = PBXFileReference; explicitFileType = "wrapper.app-extension"; includeInIndex = 0; path = BeeFocusWidgetExtension.appex; sourceTree = BUILT_PRODUCTS_DIR; };
		4C311FFF2FBAE4B600FC057E /* BeeFocusWidgetExtension.entitlements */ = {isa = PBXFileReference; lastKnownFileType = text.plist.entitlements; path = BeeFocusWidgetExtension.entitlements; sourceTree = "<group>"; };
		4C3C4EB62FCEAFEB00035189 /* BeeFocusMac.app */ = {isa = PBXFileReference; explicitFileType = wrapper.application; includeInIndex = 0; path = BeeFocusMac.app; sourceTree = BUILT_PRODUCTS_DIR; };
		4C3C4EC42FCEAFEC00035189 /* BeeFocusMacTests.xctest */ = {isa = PBXFileReference; explicitFileType = wrapper.cfbundle; includeInIndex = 0; path = BeeFocusMacTests.xctest; sourceTree = BUILT_PRODUCTS_DIR; };
		4C3C4ECE2FCEAFEC00035189 /* BeeFocusMacUITests.xctest */ = {isa = PBXFileReference; explicitFileType = wrapper.cfbundle; includeInIndex = 0; path = BeeFocusMacUITests.xctest; sourceTree = BUILT_PRODUCTS_DIR; };
		4C5964342EA2E37F0029EDCA /* BeeFocus-ofc-Info.plist */ = {isa = PBXFileReference; lastKnownFileType = text.plist.xml; path = "BeeFocus-ofc-Info.plist"; sourceTree = "<group>"; };
		4C63FC752EA12A540062E93F /* WidgetKit.framework */ = {isa = PBXFileReference; lastKnownFileType = wrapper.framework; name = WidgetKit.framework; path = System/Library/Frameworks/WidgetKit.framework; sourceTree = SDKROOT; };
		4C63FC772EA12A540062E93F /* SwiftUI.framework */ = {isa = PBXFileReference; lastKnownFileType = wrapper.framework; name = SwiftUI.framework; path = System/Library/Frameworks/SwiftUI.framework; sourceTree = SDKROOT; };
		4CAAF9452FC383530066FDCD /* BeeFocusShieldExtension.appex */ = {isa = PBXFileReference; explicitFileType = "wrapper.app-extension"; includeInIndex = 0; path = BeeFocusShieldExtension.appex; sourceTree = BUILT_PRODUCTS_DIR; };
		4CAAF9472FC383530066FDCD /* ManagedSettingsUI.framework */ = {isa = PBXFileReference; lastKnownFileType = wrapper.framework; name = ManagedSettingsUI.framework; path = System/Library/Frameworks/ManagedSettingsUI.framework; sourceTree = SDKROOT; };
		4CAAF96D2FC4F3A10066FDCD /* BeeFocusWatchTests.xctest */ = {isa = PBXFileReference; explicitFileType = wrapper.cfbundle; includeInIndex = 0; path = BeeFocusWatchTests.xctest; sourceTree = BUILT_PRODUCTS_DIR; };
		4CAAF9772FC4F3A10066FDCD /* BeeFocusWatchUITests.xctest */ = {isa = PBXFileReference; explicitFileType = wrapper.cfbundle; includeInIndex = 0; path = BeeFocusWatchUITests.xctest; sourceTree = BUILT_PRODUCTS_DIR; };
		4CAAF9832FC4F3A10066FDCD /* BeeFocusWatch Watch App.app */ = {isa = PBXFileReference; explicitFileType = wrapper.application; includeInIndex = 0; path = "BeeFocusWatch Watch App.app"; sourceTree = BUILT_PRODUCTS_DIR; };
		4CAAF9922FC4F3A20066FDCD /* BeeFocusWatch Watch AppTests.xctest */ = {isa = PBXFileReference; explicitFileType = wrapper.cfbundle; includeInIndex = 0; path = "BeeFocusWatch Watch AppTests.xctest"; sourceTree = BUILT_PRODUCTS_DIR; };
		4CAAF99C2FC4F3A20066FDCD /* BeeFocusWatch Watch AppUITests.xctest */ = {isa = PBXFileReference; explicitFileType = wrapper.cfbundle; includeInIndex = 0; path = "BeeFocusWatch Watch AppUITests.xctest"; sourceTree = BUILT_PRODUCTS_DIR; };
		4CAAF9BE2FC4F45A0066FDCD /* WatchConnectivity.framework */ = {isa = PBXFileReference; lastKnownFileType = wrapper.framework; name = WatchConnectivity.framework; path = System/Library/Frameworks/WatchConnectivity.framework; sourceTree = SDKROOT; };
		4CC00CF32F8F96EA002984B8 /* CategoryFallback.swift */ = {isa = PBXFileReference; lastKnownFileType = sourcecode.swift; path = CategoryFallback.swift; sourceTree = "<group>"; };
		4CCA1DCD2DFF618A007F640D /* BeeFocus_ofc.app */ = {isa = PBXFileReference; explicitFileType = wrapper.application; includeInIndex = 0; path = BeeFocus_ofc.app; sourceTree = BUILT_PRODUCTS_DIR; };
		6F2CB7E88B5D4B788699D26E /* ManagedSettings.framework */ = {isa = PBXFileReference; lastKnownFileType = wrapper.framework; name = ManagedSettings.framework; path = System/Library/Frameworks/ManagedSettings.framework; sourceTree = SDKROOT; };
		8D885247F580478E8C853ED3 /* FamilyControls.framework */ = {isa = PBXFileReference; lastKnownFileType = wrapper.framework; name = FamilyControls.framework; path = System/Library/Frameworks/FamilyControls.framework; sourceTree = SDKROOT; };
		E9A086BF6BFB4437824025FA /* ManagedSettingsUI.framework */ = {isa = PBXFileReference; lastKnownFileType = wrapper.framework; name = ManagedSettingsUI.framework; path = System/Library/Frameworks/ManagedSettingsUI.framework; sourceTree = SDKROOT; };
/* End PBXFileReference section */

/* Begin PBXFileSystemSynchronizedBuildFileExceptionSet section */
		4C311F582FBA5B6200FC057E /* Exceptions for "BeeFocusWidget" folder in "BeeFocusWidgetExtension" target */ = {
			isa = PBXFileSystemSynchronizedBuildFileExceptionSet;
			membershipExceptions = (
				Info.plist,
			);
			target = 4C311F412FBA5B6100FC057E /* BeeFocusWidgetExtension */;
		};
		4CAAF9512FC383530066FDCD /* Exceptions for "BeeFocusShieldExtension" folder in "BeeFocusShieldExtension" target */ = {
			isa = PBXFileSystemSynchronizedBuildFileExceptionSet;
			membershipExceptions = (
				Info.plist,
			);
			target = 4CAAF9442FC383530066FDCD /* BeeFocusShieldExtension */;
		};
		4CAAF9572FC386280066FDCD /* Exceptions for "Widget" folder in "BeeFocusWidgetExtension" target */ = {
			isa = PBXFileSystemSynchronizedBuildFileExceptionSet;
			membershipExceptions = (
				TodoWidgetDesignVariants.swift,
				TodoWidgetPreviews.swift,
				WIDGET_SCHNELLSTART.md,
				WIDGET_SETUP_ANLEITUNG.md,
				WIDGET_TEST_ANLEITUNG.md,
				WidgetDataManager.swift,
				WidgetTestUtility.swift,
			);
			target = 4C311F412FBA5B6100FC057E /* BeeFocusWidgetExtension */;
		};
		4CAAF9582FC386310066FDCD /* Exceptions for "Widget" folder in "BeeFocus_ofc" target */ = {
			isa = PBXFileSystemSynchronizedBuildFileExceptionSet;
			membershipExceptions = (
				WIDGET_SCHNELLSTART.md,
				WIDGET_SETUP_ANLEITUNG.md,
				WIDGET_TEST_ANLEITUNG.md,
			);
			target = 4CCA1DCC2DFF618A007F640D /* BeeFocus_ofc */;
		};
/* End PBXFileSystemSynchronizedBuildFileExceptionSet section */

/* Begin PBXFileSystemSynchronizedRootGroup section */
		4C311F452FBA5B6200FC057E /* BeeFocusWidget */ = {
			isa = PBXFileSystemSynchronizedRootGroup;
			exceptions = (
				4C311F582FBA5B6200FC057E /* Exceptions for "BeeFocusWidget" folder in "BeeFocusWidgetExtension" target */,
			);
			path = BeeFocusWidget;
			sourceTree = "<group>";
		};
		4C3C4EB72FCEAFEB00035189 /* BeeFocusMac */ = {
			isa = PBXFileSystemSynchronizedRootGroup;
			path = BeeFocusMac;
			sourceTree = "<group>";
		};
		4C3C4EC72FCEAFEC00035189 /* BeeFocusMacTests */ = {
			isa = PBXFileSystemSynchronizedRootGroup;
			path = BeeFocusMacTests;
			sourceTree = "<group>";
		};
		4C3C4ED12FCEAFEC00035189 /* BeeFocusMacUITests */ = {
			isa = PBXFileSystemSynchronizedRootGroup;
			path = BeeFocusMacUITests;
			sourceTree = "<group>";
		};
		4CAAF9492FC383530066FDCD /* BeeFocusShieldExtension */ = {
			isa = PBXFileSystemSynchronizedRootGroup;
			exceptions = (
				4CAAF9512FC383530066FDCD /* Exceptions for "BeeFocusShieldExtension" folder in "BeeFocusShieldExtension" target */,
			);
			path = BeeFocusShieldExtension;
			sourceTree = "<group>";
		};
		4CAAF9562FC386210066FDCD /* Widget */ = {
			isa = PBXFileSystemSynchronizedRootGroup;
			exceptions = (
				4CAAF9582FC386310066FDCD /* Exceptions for "Widget" folder in "BeeFocus_ofc" target */,
				4CAAF9572FC386280066FDCD /* Exceptions for "Widget" folder in "BeeFocusWidgetExtension" target */,
			);
			path = Widget;
			sourceTree = "<group>";
		};
		4CAAF9702FC4F3A10066FDCD /* BeeFocusWatchTests */ = {
			isa = PBXFileSystemSynchronizedRootGroup;
			path = BeeFocusWatchTests;
			sourceTree = "<group>";
		};
		4CAAF97A2FC4F3A10066FDCD /* BeeFocusWatchUITests */ = {
			isa = PBXFileSystemSynchronizedRootGroup;
			path = BeeFocusWatchUITests;
			sourceTree = "<group>";
		};
		4CAAF9872FC4F3A10066FDCD /* BeeFocusWatch Watch App */ = {
			isa = PBXFileSystemSynchronizedRootGroup;
			path = "BeeFocusWatch Watch App";
			sourceTree = "<group>";
		};
		4CAAF9952FC4F3A20066FDCD /* BeeFocusWatch Watch AppTests */ = {
			isa = PBXFileSystemSynchronizedRootGroup;
			path = "BeeFocusWatch Watch AppTests";
			sourceTree = "<group>";
		};
		4CAAF99F2FC4F3A20066FDCD /* BeeFocusWatch Watch AppUITests */ = {
			isa = PBXFileSystemSynchronizedRootGroup;
			path = "BeeFocusWatch Watch AppUITests";
			sourceTree = "<group>";
		};
		4CCA1DCF2DFF618A007F640D /* BeeFocus_ofc */ = {
			isa = PBXFileSystemSynchronizedRootGroup;
			path = BeeFocus_ofc;
			sourceTree = "<group>";
		};
/* End PBXFileSystemSynchronizedRootGroup section */

/* Begin PBXFrameworksBuildPhase section */
		4C311F3F2FBA5B6100FC057E /* Frameworks */ = {
			isa = PBXFrameworksBuildPhase;
			buildActionMask = 2147483647;
			files = (
				4C311F442FBA5B6200FC057E /* SwiftUI.framework in Frameworks */,
				4C311F432FBA5B6200FC057E /* WidgetKit.framework in Frameworks */,
			);
			runOnlyForDeploymentPostprocessing = 0;
		};
		4C3C4EB32FCEAFEB00035189 /* Frameworks */ = {
			isa = PBXFrameworksBuildPhase;
			buildActionMask = 2147483647;
			files = (
			);
			runOnlyForDeploymentPostprocessing = 0;
		};
		4C3C4EC12FCEAFEC00035189 /* Frameworks */ = {
			isa = PBXFrameworksBuildPhase;
			buildActionMask = 2147483647;
			files = (
			);
			runOnlyForDeploymentPostprocessing = 0;
		};
		4C3C4ECB2FCEAFEC00035189 /* Frameworks */ = {
			isa = PBXFrameworksBuildPhase;
			buildActionMask = 2147483647;
			files = (
			);
			runOnlyForDeploymentPostprocessing = 0;
		};
		4CAAF9422FC383530066FDCD /* Frameworks */ = {
			isa = PBXFrameworksBuildPhase;
			buildActionMask = 2147483647;
			files = (
				4CAAF9462FC383530066FDCD /* ManagedSettings.framework in Frameworks */,
				4CAAF9482FC383530066FDCD /* ManagedSettingsUI.framework in Frameworks */,
			);
			runOnlyForDeploymentPostprocessing = 0;
		};
		4CAAF96A2FC4F3A10066FDCD /* Frameworks */ = {
			isa = PBXFrameworksBuildPhase;
			buildActionMask = 2147483647;
			files = (
			);
			runOnlyForDeploymentPostprocessing = 0;
		};
		4CAAF9742FC4F3A10066FDCD /* Frameworks */ = {
			isa = PBXFrameworksBuildPhase;
			buildActionMask = 2147483647;
			files = (
			);
			runOnlyForDeploymentPostprocessing = 0;
		};
		4CAAF9802FC4F3A10066FDCD /* Frameworks */ = {
			isa = PBXFrameworksBuildPhase;
			buildActionMask = 2147483647;
			files = (
			);
			runOnlyForDeploymentPostprocessing = 0;
		};
		4CAAF98F2FC4F3A20066FDCD /* Frameworks */ = {
			isa = PBXFrameworksBuildPhase;
			buildActionMask = 2147483647;
			files = (
			);
			runOnlyForDeploymentPostprocessing = 0;
		};
		4CAAF9992FC4F3A20066FDCD /* Frameworks */ = {
			isa = PBXFrameworksBuildPhase;
			buildActionMask = 2147483647;
			files = (
			);
			runOnlyForDeploymentPostprocessing = 0;
		};
		4CCA1DCA2DFF618A007F640D /* Frameworks */ = {
			isa = PBXFrameworksBuildPhase;
			buildActionMask = 2147483647;
			files = (
				4C8B69602E1C82D800C30F43 /* Lottie in Frameworks */,
				86B155A9361B45D786613AC8 /* FamilyControls.framework in Frameworks */,
				DF03D380025D4A078E8C6B13 /* ManagedSettings.framework in Frameworks */,
			);
			runOnlyForDeploymentPostprocessing = 0;
		};
/* End PBXFrameworksBuildPhase section */

/* Begin PBXGroup section */
		4C84FD8E2E1C561600DEF053 /* Frameworks */ = {
			isa = PBXGroup;
			children = (
				4CAAF9BE2FC4F45A0066FDCD /* WatchConnectivity.framework */,
				4C63FC752EA12A540062E93F /* WidgetKit.framework */,
				4C63FC772EA12A540062E93F /* SwiftUI.framework */,
				8D885247F580478E8C853ED3 /* FamilyControls.framework */,
				6F2CB7E88B5D4B788699D26E /* ManagedSettings.framework */,
				4CAAF9472FC383530066FDCD /* ManagedSettingsUI.framework */,
			);
			name = Frameworks;
			sourceTree = "<group>";
		};
		4CAAF7D92FC18CE30066FDCD /* Recovered References */ = {
			isa = PBXGroup;
			children = (
				22C173DDB1774ABB88EF4150 /* ShieldConfigurationExtension.swift */,
				E9A086BF6BFB4437824025FA /* ManagedSettingsUI.framework */,
			);
			name = "Recovered References";
			sourceTree = "<group>";
		};
		4CCA1DC42DFF618A007F640D = {
			isa = PBXGroup;
			children = (
				4C311FFF2FBAE4B600FC057E /* BeeFocusWidgetExtension.entitlements */,
				4C5964342EA2E37F0029EDCA /* BeeFocus-ofc-Info.plist */,
				4CCA1DCF2DFF618A007F640D /* BeeFocus_ofc */,
				4C311F452FBA5B6200FC057E /* BeeFocusWidget */,
				4CAAF9492FC383530066FDCD /* BeeFocusShieldExtension */,
				4CAAF9702FC4F3A10066FDCD /* BeeFocusWatchTests */,
				4CAAF97A2FC4F3A10066FDCD /* BeeFocusWatchUITests */,
				4CAAF9872FC4F3A10066FDCD /* BeeFocusWatch Watch App */,
				4CAAF9952FC4F3A20066FDCD /* BeeFocusWatch Watch AppTests */,
				4CAAF99F2FC4F3A20066FDCD /* BeeFocusWatch Watch AppUITests */,
				4C3C4EB72FCEAFEB00035189 /* BeeFocusMac */,
				4C3C4EC72FCEAFEC00035189 /* BeeFocusMacTests */,
				4C3C4ED12FCEAFEC00035189 /* BeeFocusMacUITests */,
				4C84FD8E2E1C561600DEF053 /* Frameworks */,
				4CAAF9562FC386210066FDCD /* Widget */,
				4CCA1DCE2DFF618A007F640D /* Products */,
				4CC00CF32F8F96EA002984B8 /* CategoryFallback.swift */,
				4CAAF7D92FC18CE30066FDCD /* Recovered References */,
			);
			sourceTree = "<group>";
		};
		4CCA1DCE2DFF618A007F640D /* Products */ = {
			isa = PBXGroup;
			children = (
				4CCA1DCD2DFF618A007F640D /* BeeFocus_ofc.app */,
				4C311F422FBA5B6100FC057E /* BeeFocusWidgetExtension.appex */,
				4CAAF9452FC383530066FDCD /* BeeFocusShieldExtension.appex */,
				4CAAF96D2FC4F3A10066FDCD /* BeeFocusWatchTests.xctest */,
				4CAAF9772FC4F3A10066FDCD /* BeeFocusWatchUITests.xctest */,
				4CAAF9832FC4F3A10066FDCD /* BeeFocusWatch Watch App.app */,
				4CAAF9922FC4F3A20066FDCD /* BeeFocusWatch Watch AppTests.xctest */,
				4CAAF99C2FC4F3A20066FDCD /* BeeFocusWatch Watch AppUITests.xctest */,
				4C3C4EB62FCEAFEB00035189 /* BeeFocusMac.app */,
				4C3C4EC42FCEAFEC00035189 /* BeeFocusMacTests.xctest */,
				4C3C4ECE2FCEAFEC00035189 /* BeeFocusMacUITests.xctest */,
			);
			name = Products;
			sourceTree = "<group>";
		};
/* End PBXGroup section */

/* Begin PBXNativeTarget section */
		4C311F412FBA5B6100FC057E /* BeeFocusWidgetExtension */ = {
			isa = PBXNativeTarget;
			buildConfigurationList = 4C311F592FBA5B6200FC057E /* Build configuration list for PBXNativeTarget "BeeFocusWidgetExtension" */;
			buildPhases = (
				4C311F3E2FBA5B6100FC057E /* Sources */,
				4C311F3F2FBA5B6100FC057E /* Frameworks */,
				4C311F402FBA5B6100FC057E /* Resources */,
			);
			buildRules = (
			);
			dependencies = (
			);
			fileSystemSynchronizedGroups = (
				4C311F452FBA5B6200FC057E /* BeeFocusWidget */,
				4CAAF9562FC386210066FDCD /* Widget */,
			);
			name = BeeFocusWidgetExtension;
			packageProductDependencies = (
			);
			productName = BeeFocusWidgetExtension;
			productReference = 4C311F422FBA5B6100FC057E /* BeeFocusWidgetExtension.appex */;
			productType = "com.apple.product-type.app-extension";
		};
		4C3C4EB52FCEAFEB00035189 /* BeeFocusMac */ = {
			isa = PBXNativeTarget;
			buildConfigurationList = 4C3C4ED62FCEAFEC00035189 /* Build configuration list for PBXNativeTarget "BeeFocusMac" */;
			buildPhases = (
				4C3C4EB22FCEAFEB00035189 /* Sources */,
				4C3C4EB32FCEAFEB00035189 /* Frameworks */,
				4C3C4EB42FCEAFEB00035189 /* Resources */,
			);
			buildRules = (
			);
			dependencies = (
			);
			fileSystemSynchronizedGroups = (
				4C3C4EB72FCEAFEB00035189 /* BeeFocusMac */,
			);
			name = BeeFocusMac;
			packageProductDependencies = (
			);
			productName = BeeFocusMac;
			productReference = 4C3C4EB62FCEAFEB00035189 /* BeeFocusMac.app */;
			productType = "com.apple.product-type.application";
		};
		4C3C4EC32FCEAFEC00035189 /* BeeFocusMacTests */ = {
			isa = PBXNativeTarget;
			buildConfigurationList = 4C3C4ED92FCEAFEC00035189 /* Build configuration list for PBXNativeTarget "BeeFocusMacTests" */;
			buildPhases = (
				4C3C4EC02FCEAFEC00035189 /* Sources */,
				4C3C4EC12FCEAFEC00035189 /* Frameworks */,
				4C3C4EC22FCEAFEC00035189 /* Resources */,
			);
			buildRules = (
			);
			dependencies = (
				4C3C4EC62FCEAFEC00035189 /* PBXTargetDependency */,
			);
			fileSystemSynchronizedGroups = (
				4C3C4EC72FCEAFEC00035189 /* BeeFocusMacTests */,
			);
			name = BeeFocusMacTests;
			packageProductDependencies = (
			);
			productName = BeeFocusMacTests;
			productReference = 4C3C4EC42FCEAFEC00035189 /* BeeFocusMacTests.xctest */;
			productType = "com.apple.product-type.bundle.unit-test";
		};
		4C3C4ECD2FCEAFEC00035189 /* BeeFocusMacUITests */ = {
			isa = PBXNativeTarget;
			buildConfigurationList = 4C3C4EDC2FCEAFEC00035189 /* Build configuration list for PBXNativeTarget "BeeFocusMacUITests" */;
			buildPhases = (
				4C3C4ECA2FCEAFEC00035189 /* Sources */,
				4C3C4ECB2FCEAFEC00035189 /* Frameworks */,
				4C3C4ECC2FCEAFEC00035189 /* Resources */,
			);
			buildRules = (
			);
			dependencies = (
				4C3C4ED02FCEAFEC00035189 /* PBXTargetDependency */,
			);
			fileSystemSynchronizedGroups = (
				4C3C4ED12FCEAFEC00035189 /* BeeFocusMacUITests */,
			);
			name = BeeFocusMacUITests;
			packageProductDependencies = (
			);
			productName = BeeFocusMacUITests;
			productReference = 4C3C4ECE2FCEAFEC00035189 /* BeeFocusMacUITests.xctest */;
			productType = "com.apple.product-type.bundle.ui-testing";
		};
		4CAAF9442FC383530066FDCD /* BeeFocusShieldExtension */ = {
			isa = PBXNativeTarget;
			buildConfigurationList = 4CAAF9522FC383530066FDCD /* Build configuration list for PBXNativeTarget "BeeFocusShieldExtension" */;
			buildPhases = (
				4CAAF9412FC383530066FDCD /* Sources */,
				4CAAF9422FC383530066FDCD /* Frameworks */,
				4CAAF9432FC383530066FDCD /* Resources */,
			);
			buildRules = (
			);
			dependencies = (
			);
			fileSystemSynchronizedGroups = (
				4CAAF9492FC383530066FDCD /* BeeFocusShieldExtension */,
			);
			name = BeeFocusShieldExtension;
			packageProductDependencies = (
			);
			productName = BeeFocusShieldExtension;
			productReference = 4CAAF9452FC383530066FDCD /* BeeFocusShieldExtension.appex */;
			productType = "com.apple.product-type.app-extension";
		};
		4CAAF96C2FC4F3A10066FDCD /* BeeFocusWatchTests */ = {
			isa = PBXNativeTarget;
			buildConfigurationList = 4CAAF9AB2FC4F3A20066FDCD /* Build configuration list for PBXNativeTarget "BeeFocusWatchTests" */;
			buildPhases = (
				4CAAF9692FC4F3A10066FDCD /* Sources */,
				4CAAF96A2FC4F3A10066FDCD /* Frameworks */,
				4CAAF96B2FC4F3A10066FDCD /* Resources */,
			);
			buildRules = (
			);
			dependencies = (
			);
			fileSystemSynchronizedGroups = (
				4CAAF9702FC4F3A10066FDCD /* BeeFocusWatchTests */,
			);
			name = BeeFocusWatchTests;
			packageProductDependencies = (
			);
			productName = BeeFocusWatchTests;
			productReference = 4CAAF96D2FC4F3A10066FDCD /* BeeFocusWatchTests.xctest */;
			productType = "com.apple.product-type.bundle.unit-test";
		};
		4CAAF9762FC4F3A10066FDCD /* BeeFocusWatchUITests */ = {
			isa = PBXNativeTarget;
			buildConfigurationList = 4CAAF9AE2FC4F3A20066FDCD /* Build configuration list for PBXNativeTarget "BeeFocusWatchUITests" */;
			buildPhases = (
				4CAAF9732FC4F3A10066FDCD /* Sources */,
				4CAAF9742FC4F3A10066FDCD /* Frameworks */,
				4CAAF9752FC4F3A10066FDCD /* Resources */,
			);
			buildRules = (
			);
			dependencies = (
			);
			fileSystemSynchronizedGroups = (
				4CAAF97A2FC4F3A10066FDCD /* BeeFocusWatchUITests */,
			);
			name = BeeFocusWatchUITests;
			packageProductDependencies = (
			);
			productName = BeeFocusWatchUITests;
			productReference = 4CAAF9772FC4F3A10066FDCD /* BeeFocusWatchUITests.xctest */;
			productType = "com.apple.product-type.bundle.ui-testing";
		};
		4CAAF9822FC4F3A10066FDCD /* BeeFocusWatch Watch App */ = {
			isa = PBXNativeTarget;
			buildConfigurationList = 4CAAF9A42FC4F3A20066FDCD /* Build configuration list for PBXNativeTarget "BeeFocusWatch Watch App" */;
			buildPhases = (
				4CAAF97F2FC4F3A10066FDCD /* Sources */,
				4CAAF9802FC4F3A10066FDCD /* Frameworks */,
				4CAAF9812FC4F3A10066FDCD /* Resources */,
			);
			buildRules = (
			);
			dependencies = (
			);
			fileSystemSynchronizedGroups = (
				4CAAF9872FC4F3A10066FDCD /* BeeFocusWatch Watch App */,
			);
			name = "BeeFocusWatch Watch App";
			packageProductDependencies = (
			);
			productName = "BeeFocusWatch Watch App";
			productReference = 4CAAF9832FC4F3A10066FDCD /* BeeFocusWatch Watch App.app */;
			productType = "com.apple.product-type.application";
		};
		4CAAF9912FC4F3A20066FDCD /* BeeFocusWatch Watch AppTests */ = {
			isa = PBXNativeTarget;
			buildConfigurationList = 4CAAF9B12FC4F3A20066FDCD /* Build configuration list for PBXNativeTarget "BeeFocusWatch Watch AppTests" */;
			buildPhases = (
				4CAAF98E2FC4F3A20066FDCD /* Sources */,
				4CAAF98F2FC4F3A20066FDCD /* Frameworks */,
				4CAAF9902FC4F3A20066FDCD /* Resources */,
			);
			buildRules = (
			);
			dependencies = (
				4CAAF9942FC4F3A20066FDCD /* PBXTargetDependency */,
			);
			fileSystemSynchronizedGroups = (
				4CAAF9952FC4F3A20066FDCD /* BeeFocusWatch Watch AppTests */,
			);
			name = "BeeFocusWatch Watch AppTests";
			packageProductDependencies = (
			);
			productName = "BeeFocusWatch Watch AppTests";
			productReference = 4CAAF9922FC4F3A20066FDCD /* BeeFocusWatch Watch AppTests.xctest */;
			productType = "com.apple.product-type.bundle.unit-test";
		};
		4CAAF99B2FC4F3A20066FDCD /* BeeFocusWatch Watch AppUITests */ = {
			isa = PBXNativeTarget;
			buildConfigurationList = 4CAAF9B42FC4F3A20066FDCD /* Build configuration list for PBXNativeTarget "BeeFocusWatch Watch AppUITests" */;
			buildPhases = (
				4CAAF9982FC4F3A20066FDCD /* Sources */,
				4CAAF9992FC4F3A20066FDCD /* Frameworks */,
				4CAAF99A2FC4F3A20066FDCD /* Resources */,
			);
			buildRules = (
			);
			dependencies = (
				4CAAF99E2FC4F3A20066FDCD /* PBXTargetDependency */,
			);
			fileSystemSynchronizedGroups = (
				4CAAF99F2FC4F3A20066FDCD /* BeeFocusWatch Watch AppUITests */,
			);
			name = "BeeFocusWatch Watch AppUITests";
			packageProductDependencies = (
			);
			productName = "BeeFocusWatch Watch AppUITests";
			productReference = 4CAAF99C2FC4F3A20066FDCD /* BeeFocusWatch Watch AppUITests.xctest */;
			productType = "com.apple.product-type.bundle.ui-testing";
		};
		4CCA1DCC2DFF618A007F640D /* BeeFocus_ofc */ = {
			isa = PBXNativeTarget;
			buildConfigurationList = 4CCA1DD82DFF618B007F640D /* Build configuration list for PBXNativeTarget "BeeFocus_ofc" */;
			buildPhases = (
				4CCA1DC92DFF618A007F640D /* Sources */,
				4CCA1DCA2DFF618A007F640D /* Frameworks */,
				4CCA1DCB2DFF618A007F640D /* Resources */,
				4C84FD962E1C7DC400DEF053 /* Embed Frameworks */,
				4C63FC8E2EA12A550062E93F /* Embed Foundation Extensions */,
			);
			buildRules = (
			);
			dependencies = (
				4C311F542FBA5B6200FC057E /* PBXTargetDependency */,
				4CAAF94F2FC383530066FDCD /* PBXTargetDependency */,
			);
			fileSystemSynchronizedGroups = (
				4CCA1DCF2DFF618A007F640D /* BeeFocus_ofc */,
			);
			name = BeeFocus_ofc;
			packageProductDependencies = (
				4C8B695F2E1C82D800C30F43 /* Lottie */,
			);
			productName = BeeFocus_ofc;
			productReference = 4CCA1DCD2DFF618A007F640D /* BeeFocus_ofc.app */;
			productType = "com.apple.product-type.application";
		};
/* End PBXNativeTarget section */

/* Begin PBXProject section */
		4CCA1DC52DFF618A007F640D /* Project object */ = {
			isa = PBXProject;
			attributes = {
				BuildIndependentTargetsInParallel = 1;
				LastSwiftUpdateCheck = 2640;
				LastUpgradeCheck = 1640;
				TargetAttributes = {
					4C311F412FBA5B6100FC057E = {
						CreatedOnToolsVersion = 26.4.1;
					};
					4C3C4EB52FCEAFEB00035189 = {
						CreatedOnToolsVersion = 26.4.1;
					};
					4C3C4EC32FCEAFEC00035189 = {
						CreatedOnToolsVersion = 26.4.1;
						TestTargetID = 4C3C4EB52FCEAFEB00035189;
					};
					4C3C4ECD2FCEAFEC00035189 = {
						CreatedOnToolsVersion = 26.4.1;
						TestTargetID = 4C3C4EB52FCEAFEB00035189;
					};
					4CAAF9442FC383530066FDCD = {
						CreatedOnToolsVersion = 26.4.1;
					};
					4CAAF96C2FC4F3A10066FDCD = {
						CreatedOnToolsVersion = 26.4.1;
						TestTargetID = 4CAAF9602FC4F3A10066FDCD;
					};
					4CAAF9762FC4F3A10066FDCD = {
						CreatedOnToolsVersion = 26.4.1;
						TestTargetID = 4CAAF9602FC4F3A10066FDCD;
					};
					4CAAF9822FC4F3A10066FDCD = {
						CreatedOnToolsVersion = 26.4.1;
					};
					4CAAF9912FC4F3A20066FDCD = {
						CreatedOnToolsVersion = 26.4.1;
						TestTargetID = 4CAAF9822FC4F3A10066FDCD;
					};
					4CAAF99B2FC4F3A20066FDCD = {
						CreatedOnToolsVersion = 26.4.1;
						TestTargetID = 4CAAF9822FC4F3A10066FDCD;
					};
					4CCA1DCC2DFF618A007F640D = {
						CreatedOnToolsVersion = 16.4;
					};
				};
			};
			buildConfigurationList = 4CCA1DC82DFF618A007F640D /* Build configuration list for PBXProject "BeeFocus_ofc" */;
			developmentRegion = en;
			hasScannedForEncodings = 0;
			knownRegions = (
				en,
				Base,
				de,
				fr,
			);
			mainGroup = 4CCA1DC42DFF618A007F640D;
			minimizedProjectReferenceProxies = 1;
			packageReferences = (
				4C8B695E2E1C82D800C30F43 /* XCRemoteSwiftPackageReference "lottie-ios" */,
			);
			preferredProjectObjectVersion = 77;
			productRefGroup = 4CCA1DCE2DFF618A007F640D /* Products */;
			projectDirPath = "";
			projectRoot = "";
			targets = (
				4CCA1DCC2DFF618A007F640D /* BeeFocus_ofc */,
				4C311F412FBA5B6100FC057E /* BeeFocusWidgetExtension */,
				4CAAF9442FC383530066FDCD /* BeeFocusShieldExtension */,
				4CAAF96C2FC4F3A10066FDCD /* BeeFocusWatchTests */,
				4CAAF9762FC4F3A10066FDCD /* BeeFocusWatchUITests */,
				4CAAF9822FC4F3A10066FDCD /* BeeFocusWatch Watch App */,
				4CAAF9912FC4F3A20066FDCD /* BeeFocusWatch Watch AppTests */,
				4CAAF99B2FC4F3A20066FDCD /* BeeFocusWatch Watch AppUITests */,
				4C3C4EB52FCEAFEB00035189 /* BeeFocusMac */,
				4C3C4EC32FCEAFEC00035189 /* BeeFocusMacTests */,
				4C3C4ECD2FCEAFEC00035189 /* BeeFocusMacUITests */,
			);
		};
/* End PBXProject section */

/* Begin PBXResourcesBuildPhase section */
		4C311F402FBA5B6100FC057E /* Resources */ = {
			isa = PBXResourcesBuildPhase;
			buildActionMask = 2147483647;
			files = (
			);
			runOnlyForDeploymentPostprocessing = 0;
		};
		4C3C4EB42FCEAFEB00035189 /* Resources */ = {
			isa = PBXResourcesBuildPhase;
			buildActionMask = 2147483647;
			files = (
			);
			runOnlyForDeploymentPostprocessing = 0;
		};
		4C3C4EC22FCEAFEC00035189 /* Resources */ = {
			isa = PBXResourcesBuildPhase;
			buildActionMask = 2147483647;
			files = (
			);
			runOnlyForDeploymentPostprocessing = 0;
		};
		4C3C4ECC2FCEAFEC00035189 /* Resources */ = {
			isa = PBXResourcesBuildPhase;
			buildActionMask = 2147483647;
			files = (
			);
			runOnlyForDeploymentPostprocessing = 0;
		};
		4CAAF9432FC383530066FDCD /* Resources */ = {
			isa = PBXResourcesBuildPhase;
			buildActionMask = 2147483647;
			files = (
			);
			runOnlyForDeploymentPostprocessing = 0;
		};
		4CAAF96B2FC4F3A10066FDCD /* Resources */ = {
			isa = PBXResourcesBuildPhase;
			buildActionMask = 2147483647;
			files = (
			);
			runOnlyForDeploymentPostprocessing = 0;
		};
		4CAAF9752FC4F3A10066FDCD /* Resources */ = {
			isa = PBXResourcesBuildPhase;
			buildActionMask = 2147483647;
			files = (
			);
			runOnlyForDeploymentPostprocessing = 0;
		};
		4CAAF9812FC4F3A10066FDCD /* Resources */ = {
			isa = PBXResourcesBuildPhase;
			buildActionMask = 2147483647;
			files = (
			);
			runOnlyForDeploymentPostprocessing = 0;
		};
		4CAAF9902FC4F3A20066FDCD /* Resources */ = {
			isa = PBXResourcesBuildPhase;
			buildActionMask = 2147483647;
			files = (
			);
			runOnlyForDeploymentPostprocessing = 0;
		};
		4CAAF99A2FC4F3A20066FDCD /* Resources */ = {
			isa = PBXResourcesBuildPhase;
			buildActionMask = 2147483647;
			files = (
			);
			runOnlyForDeploymentPostprocessing = 0;
		};
		4CCA1DCB2DFF618A007F640D /* Resources */ = {
			isa = PBXResourcesBuildPhase;
			buildActionMask = 2147483647;
			files = (
				4C5964352EA2E37F0029EDCA /* BeeFocus-ofc-Info.plist in Resources */,
			);
			runOnlyForDeploymentPostprocessing = 0;
		};
/* End PBXResourcesBuildPhase section */

/* Begin PBXSourcesBuildPhase section */
		4C311F3E2FBA5B6100FC057E /* Sources */ = {
			isa = PBXSourcesBuildPhase;
			buildActionMask = 2147483647;
			files = (
			);
			runOnlyForDeploymentPostprocessing = 0;
		};
		4C3C4EB22FCEAFEB00035189 /* Sources */ = {
			isa = PBXSourcesBuildPhase;
			buildActionMask = 2147483647;
			files = (
			);
			runOnlyForDeploymentPostprocessing = 0;
		};
		4C3C4EC02FCEAFEC00035189 /* Sources */ = {
			isa = PBXSourcesBuildPhase;
			buildActionMask = 2147483647;
			files = (
			);
			runOnlyForDeploymentPostprocessing = 0;
		};
		4C3C4ECA2FCEAFEC00035189 /* Sources */ = {
			isa = PBXSourcesBuildPhase;
			buildActionMask = 2147483647;
			files = (
			);
			runOnlyForDeploymentPostprocessing = 0;
		};
		4CAAF9412FC383530066FDCD /* Sources */ = {
			isa = PBXSourcesBuildPhase;
			buildActionMask = 2147483647;
			files = (
			);
			runOnlyForDeploymentPostprocessing = 0;
		};
		4CAAF9692FC4F3A10066FDCD /* Sources */ = {
			isa = PBXSourcesBuildPhase;
			buildActionMask = 2147483647;
			files = (
			);
			runOnlyForDeploymentPostprocessing = 0;
		};
		4CAAF9732FC4F3A10066FDCD /* Sources */ = {
			isa = PBXSourcesBuildPhase;
			buildActionMask = 2147483647;
			files = (
			);
			runOnlyForDeploymentPostprocessing = 0;
		};
		4CAAF97F2FC4F3A10066FDCD /* Sources */ = {
			isa = PBXSourcesBuildPhase;
			buildActionMask = 2147483647;
			files = (
			);
			runOnlyForDeploymentPostprocessing = 0;
		};
		4CAAF98E2FC4F3A20066FDCD /* Sources */ = {
			isa = PBXSourcesBuildPhase;
			buildActionMask = 2147483647;
			files = (
			);
			runOnlyForDeploymentPostprocessing = 0;
		};
		4CAAF9982FC4F3A20066FDCD /* Sources */ = {
			isa = PBXSourcesBuildPhase;
			buildActionMask = 2147483647;
			files = (
			);
			runOnlyForDeploymentPostprocessing = 0;
		};
		4CCA1DC92DFF618A007F640D /* Sources */ = {
			isa = PBXSourcesBuildPhase;
			buildActionMask = 2147483647;
			files = (
			);
			runOnlyForDeploymentPostprocessing = 0;
		};
/* End PBXSourcesBuildPhase section */

/* Begin PBXTargetDependency section */
		4C311F542FBA5B6200FC057E /* PBXTargetDependency */ = {
			isa = PBXTargetDependency;
			target = 4C311F412FBA5B6100FC057E /* BeeFocusWidgetExtension */;
			targetProxy = 4C311F532FBA5B6200FC057E /* PBXContainerItemProxy */;
		};
		4C3C4EC62FCEAFEC00035189 /* PBXTargetDependency */ = {
			isa = PBXTargetDependency;
			target = 4C3C4EB52FCEAFEB00035189 /* BeeFocusMac */;
			targetProxy = 4C3C4EC52FCEAFEC00035189 /* PBXContainerItemProxy */;
		};
		4C3C4ED02FCEAFEC00035189 /* PBXTargetDependency */ = {
			isa = PBXTargetDependency;
			target = 4C3C4EB52FCEAFEB00035189 /* BeeFocusMac */;
			targetProxy = 4C3C4ECF2FCEAFEC00035189 /* PBXContainerItemProxy */;
		};
		4CAAF94F2FC383530066FDCD /* PBXTargetDependency */ = {
			isa = PBXTargetDependency;
			target = 4CAAF9442FC383530066FDCD /* BeeFocusShieldExtension */;
			targetProxy = 4CAAF94E2FC383530066FDCD /* PBXContainerItemProxy */;
		};
		4CAAF9942FC4F3A20066FDCD /* PBXTargetDependency */ = {
			isa = PBXTargetDependency;
			target = 4CAAF9822FC4F3A10066FDCD /* BeeFocusWatch Watch App */;
			targetProxy = 4CAAF9932FC4F3A20066FDCD /* PBXContainerItemProxy */;
		};
		4CAAF99E2FC4F3A20066FDCD /* PBXTargetDependency */ = {
			isa = PBXTargetDependency;
			target = 4CAAF9822FC4F3A10066FDCD /* BeeFocusWatch Watch App */;
			targetProxy = 4CAAF99D2FC4F3A20066FDCD /* PBXContainerItemProxy */;
		};
/* End PBXTargetDependency section */

/* Begin XCBuildConfiguration section */
		4C311F562FBA5B6200FC057E /* Debug */ = {
			isa = XCBuildConfiguration;
			buildSettings = {
				ASSETCATALOG_COMPILER_GLOBAL_ACCENT_COLOR_NAME = AccentColor;
				ASSETCATALOG_COMPILER_WIDGET_BACKGROUND_COLOR_NAME = WidgetBackground;
				CODE_SIGN_ENTITLEMENTS = BeeFocusWidgetExtension.entitlements;
				CODE_SIGN_IDENTITY = "Apple Development";
				"CODE_SIGN_IDENTITY[sdk=macosx*]" = "Apple Development";
				CODE_SIGN_STYLE = Automatic;
				CURRENT_PROJECT_VERSION = 1;
				DEVELOPMENT_TEAM = ND9SX9FU46;
				GENERATE_INFOPLIST_FILE = YES;
				INFOPLIST_FILE = BeeFocusWidget/Info.plist;
				INFOPLIST_KEY_CFBundleDisplayName = BeeFocusWidget;
				INFOPLIST_KEY_NSHumanReadableCopyright = "";
				IPHONEOS_DEPLOYMENT_TARGET = 26.4;
				LD_RUNPATH_SEARCH_PATHS = (
					"$(inherited)",
					"@executable_path/Frameworks",
					"@executable_path/../../Frameworks",
				);
				MARKETING_VERSION = 1.0;
				PRODUCT_BUNDLE_IDENTIFIER = "com.TorbenLehneke.BeeFocus-ofc.BeeFocusWidget";
				PRODUCT_NAME = "$(TARGET_NAME)";
				SKIP_INSTALL = YES;
				STRING_CATALOG_GENERATE_SYMBOLS = YES;
				SWIFT_APPROACHABLE_CONCURRENCY = YES;
				SWIFT_EMIT_LOC_STRINGS = YES;
				SWIFT_UPCOMING_FEATURE_MEMBER_IMPORT_VISIBILITY = YES;
				SWIFT_VERSION = 5.0;
				TARGETED_DEVICE_FAMILY = "1,2";
			};
			name = Debug;
		};
		4C311F572FBA5B6200FC057E /* Release */ = {
			isa = XCBuildConfiguration;
			buildSettings = {
				ASSETCATALOG_COMPILER_GLOBAL_ACCENT_COLOR_NAME = AccentColor;
				ASSETCATALOG_COMPILER_WIDGET_BACKGROUND_COLOR_NAME = WidgetBackground;
				CODE_SIGN_ENTITLEMENTS = BeeFocusWidgetExtension.entitlements;
				CODE_SIGN_IDENTITY = "Apple Development";
				"CODE_SIGN_IDENTITY[sdk=macosx*]" = "Apple Development";
				CODE_SIGN_STYLE = Automatic;
				CURRENT_PROJECT_VERSION = 1;
				DEVELOPMENT_TEAM = ND9SX9FU46;
				GENERATE_INFOPLIST_FILE = YES;
				INFOPLIST_FILE = BeeFocusWidget/Info.plist;
				INFOPLIST_KEY_CFBundleDisplayName = BeeFocusWidget;
				INFOPLIST_KEY_NSHumanReadableCopyright = "";
				IPHONEOS_DEPLOYMENT_TARGET = 26.4;
				LD_RUNPATH_SEARCH_PATHS = (
					"$(inherited)",
					"@executable_path/Frameworks",
					"@executable_path/../../Frameworks",
				);
				MARKETING_VERSION = 1.0;
				PRODUCT_BUNDLE_IDENTIFIER = "com.TorbenLehneke.BeeFocus-ofc.BeeFocusWidget";
				PRODUCT_NAME = "$(TARGET_NAME)";
				SKIP_INSTALL = YES;
				STRING_CATALOG_GENERATE_SYMBOLS = YES;
				SWIFT_APPROACHABLE_CONCURRENCY = YES;
				SWIFT_EMIT_LOC_STRINGS = YES;
				SWIFT_UPCOMING_FEATURE_MEMBER_IMPORT_VISIBILITY = YES;
				SWIFT_VERSION = 5.0;
				TARGETED_DEVICE_FAMILY = "1,2";
			};
			name = Release;
		};
		4C3C4ED72FCEAFEC00035189 /* Debug */ = {
			isa = XCBuildConfiguration;
			buildSettings = {
				ASSETCATALOG_COMPILER_APPICON_NAME = AppIcon;
				ASSETCATALOG_COMPILER_GLOBAL_ACCENT_COLOR_NAME = AccentColor;
				CODE_SIGN_ENTITLEMENTS = BeeFocusMac/BeeFocusMac.entitlements;
				CODE_SIGN_STYLE = Automatic;
				COMBINE_HIDPI_IMAGES = YES;
				CURRENT_PROJECT_VERSION = 1;
				DEVELOPMENT_TEAM = ND9SX9FU46;
				ENABLE_APP_SANDBOX = YES;
				ENABLE_HARDENED_RUNTIME = YES;
				ENABLE_PREVIEWS = YES;
				ENABLE_USER_SELECTED_FILES = readonly;
				GENERATE_INFOPLIST_FILE = YES;
				INFOPLIST_KEY_LSUIElement = YES;
				INFOPLIST_KEY_NSHumanReadableCopyright = "";
				LD_RUNPATH_SEARCH_PATHS = (
					"$(inherited)",
					"@executable_path/../Frameworks",
				);
				MACOSX_DEPLOYMENT_TARGET = 13.0;
				MARKETING_VERSION = 1.0;
				PRODUCT_BUNDLE_IDENTIFIER = com.TorbenLehneke.BeeFocusMac;
				PRODUCT_NAME = "$(TARGET_NAME)";
				REGISTER_APP_GROUPS = YES;
				SDKROOT = macosx;
				STRING_CATALOG_GENERATE_SYMBOLS = YES;
				SWIFT_APPROACHABLE_CONCURRENCY = YES;
				SWIFT_DEFAULT_ACTOR_ISOLATION = MainActor;
				SWIFT_EMIT_LOC_STRINGS = YES;
				SWIFT_UPCOMING_FEATURE_MEMBER_IMPORT_VISIBILITY = YES;
				SWIFT_VERSION = 5.0;
			};
			name = Debug;
		};
		4C3C4ED82FCEAFEC00035189 /* Release */ = {
			isa = XCBuildConfiguration;
			buildSettings = {
				ASSETCATALOG_COMPILER_APPICON_NAME = AppIcon;
				ASSETCATALOG_COMPILER_GLOBAL_ACCENT_COLOR_NAME = AccentColor;
				CODE_SIGN_ENTITLEMENTS = BeeFocusMac/BeeFocusMac.entitlements;
				CODE_SIGN_STYLE = Automatic;
				COMBINE_HIDPI_IMAGES = YES;
				CURRENT_PROJECT_VERSION = 1;
				DEVELOPMENT_TEAM = ND9SX9FU46;
				ENABLE_APP_SANDBOX = YES;
				ENABLE_HARDENED_RUNTIME = YES;
				ENABLE_PREVIEWS = YES;
				ENABLE_USER_SELECTED_FILES = readonly;
				GENERATE_INFOPLIST_FILE = YES;
				INFOPLIST_KEY_LSUIElement = YES;
				INFOPLIST_KEY_NSHumanReadableCopyright = "";
				LD_RUNPATH_SEARCH_PATHS = (
					"$(inherited)",
					"@executable_path/../Frameworks",
				);
				MACOSX_DEPLOYMENT_TARGET = 13.0;
				MARKETING_VERSION = 1.0;
				PRODUCT_BUNDLE_IDENTIFIER = com.TorbenLehneke.BeeFocusMac;
				PRODUCT_NAME = "$(TARGET_NAME)";
				REGISTER_APP_GROUPS = YES;
				SDKROOT = macosx;
				STRING_CATALOG_GENERATE_SYMBOLS = YES;
				SWIFT_APPROACHABLE_CONCURRENCY = YES;
				SWIFT_DEFAULT_ACTOR_ISOLATION = MainActor;
				SWIFT_EMIT_LOC_STRINGS = YES;
				SWIFT_UPCOMING_FEATURE_MEMBER_IMPORT_VISIBILITY = YES;
				SWIFT_VERSION = 5.0;
			};
			name = Release;
		};
		4C3C4EDA2FCEAFEC00035189 /* Debug */ = {
			isa = XCBuildConfiguration;
			buildSettings = {
				BUNDLE_LOADER = "$(TEST_HOST)";
				CODE_SIGN_STYLE = Automatic;
				CURRENT_PROJECT_VERSION = 1;
				DEVELOPMENT_TEAM = ND9SX9FU46;
				GENERATE_INFOPLIST_FILE = YES;
				MACOSX_DEPLOYMENT_TARGET = 26.4;
				MARKETING_VERSION = 1.0;
				PRODUCT_BUNDLE_IDENTIFIER = com.TorbenLehneke.BeeFocusMacTests;
				PRODUCT_NAME = "$(TARGET_NAME)";
				SDKROOT = macosx;
				STRING_CATALOG_GENERATE_SYMBOLS = NO;
				SWIFT_APPROACHABLE_CONCURRENCY = YES;
				SWIFT_EMIT_LOC_STRINGS = NO;
				SWIFT_UPCOMING_FEATURE_MEMBER_IMPORT_VISIBILITY = YES;
				SWIFT_VERSION = 5.0;
				TEST_HOST = "$(BUILT_PRODUCTS_DIR)/BeeFocusMac.app/$(BUNDLE_EXECUTABLE_FOLDER_PATH)/BeeFocusMac";
			};
			name = Debug;
		};
		4C3C4EDB2FCEAFEC00035189 /* Release */ = {
			isa = XCBuildConfiguration;
			buildSettings = {
				BUNDLE_LOADER = "$(TEST_HOST)";
				CODE_SIGN_STYLE = Automatic;
				CURRENT_PROJECT_VERSION = 1;
				DEVELOPMENT_TEAM = ND9SX9FU46;
				GENERATE_INFOPLIST_FILE = YES;
				MACOSX_DEPLOYMENT_TARGET = 26.4;
				MARKETING_VERSION = 1.0;
				PRODUCT_BUNDLE_IDENTIFIER = com.TorbenLehneke.BeeFocusMacTests;
				PRODUCT_NAME = "$(TARGET_NAME)";
				SDKROOT = macosx;
				STRING_CATALOG_GENERATE_SYMBOLS = NO;
				SWIFT_APPROACHABLE_CONCURRENCY = YES;
				SWIFT_EMIT_LOC_STRINGS = NO;
				SWIFT_UPCOMING_FEATURE_MEMBER_IMPORT_VISIBILITY = YES;
				SWIFT_VERSION = 5.0;
				TEST_HOST = "$(BUILT_PRODUCTS_DIR)/BeeFocusMac.app/$(BUNDLE_EXECUTABLE_FOLDER_PATH)/BeeFocusMac";
			};
			name = Release;
		};
		4C3C4EDD2FCEAFEC00035189 /* Debug */ = {
			isa = XCBuildConfiguration;
			buildSettings = {
				CODE_SIGN_STYLE = Automatic;
				CURRENT_PROJECT_VERSION = 1;
				DEVELOPMENT_TEAM = ND9SX9FU46;
				GENERATE_INFOPLIST_FILE = YES;
				MACOSX_DEPLOYMENT_TARGET = 26.4;
				MARKETING_VERSION = 1.0;
				PRODUCT_BUNDLE_IDENTIFIER = com.TorbenLehneke.BeeFocusMacUITests;
				PRODUCT_NAME = "$(TARGET_NAME)";
				SDKROOT = macosx;
				STRING_CATALOG_GENERATE_SYMBOLS = NO;
				SWIFT_APPROACHABLE_CONCURRENCY = YES;
				SWIFT_EMIT_LOC_STRINGS = NO;
				SWIFT_UPCOMING_FEATURE_MEMBER_IMPORT_VISIBILITY = YES;
				SWIFT_VERSION = 5.0;
				TEST_TARGET_NAME = BeeFocusMac;
			};
			name = Debug;
		};
		4C3C4EDE2FCEAFEC00035189 /* Release */ = {
			isa = XCBuildConfiguration;
			buildSettings = {
				CODE_SIGN_STYLE = Automatic;
				CURRENT_PROJECT_VERSION = 1;
				DEVELOPMENT_TEAM = ND9SX9FU46;
				GENERATE_INFOPLIST_FILE = YES;
				MACOSX_DEPLOYMENT_TARGET = 26.4;
				MARKETING_VERSION = 1.0;
				PRODUCT_BUNDLE_IDENTIFIER = com.TorbenLehneke.BeeFocusMacUITests;
				PRODUCT_NAME = "$(TARGET_NAME)";
				SDKROOT = macosx;
				STRING_CATALOG_GENERATE_SYMBOLS = NO;
				SWIFT_APPROACHABLE_CONCURRENCY = YES;
				SWIFT_EMIT_LOC_STRINGS = NO;
				SWIFT_UPCOMING_FEATURE_MEMBER_IMPORT_VISIBILITY = YES;
				SWIFT_VERSION = 5.0;
				TEST_TARGET_NAME = BeeFocusMac;
			};
			name = Release;
		};
		4CAAF9532FC383530066FDCD /* Debug */ = {
			isa = XCBuildConfiguration;
			buildSettings = {
				CODE_SIGN_ENTITLEMENTS = BeeFocusShieldExtension/BeeFocusShieldExtension.entitlements;
				CODE_SIGN_IDENTITY = "Apple Development";
				CODE_SIGN_STYLE = Automatic;
				CURRENT_PROJECT_VERSION = 1;
				DEVELOPMENT_TEAM = ND9SX9FU46;
				GENERATE_INFOPLIST_FILE = YES;
				INFOPLIST_FILE = BeeFocusShieldExtension/Info.plist;
				INFOPLIST_KEY_CFBundleDisplayName = BeeFocusShieldExtension;
				INFOPLIST_KEY_NSHumanReadableCopyright = "";
				IPHONEOS_DEPLOYMENT_TARGET = 26.4;
				LD_RUNPATH_SEARCH_PATHS = (
					"$(inherited)",
					"@executable_path/Frameworks",
					"@executable_path/../../Frameworks",
				);
				MARKETING_VERSION = 1.0;
				PRODUCT_BUNDLE_IDENTIFIER = "com.TorbenLehneke.BeeFocus-ofc.BeeFocusShieldExtension";
				PRODUCT_NAME = "$(TARGET_NAME)";
				PROVISIONING_PROFILE_SPECIFIER = "";
				SKIP_INSTALL = YES;
				STRING_CATALOG_GENERATE_SYMBOLS = YES;
				SWIFT_APPROACHABLE_CONCURRENCY = YES;
				SWIFT_EMIT_LOC_STRINGS = YES;
				SWIFT_UPCOMING_FEATURE_MEMBER_IMPORT_VISIBILITY = YES;
				SWIFT_VERSION = 5.0;
				TARGETED_DEVICE_FAMILY = "1,2";
			};
			name = Debug;
		};
		4CAAF9542FC383530066FDCD /* Release */ = {
			isa = XCBuildConfiguration;
			buildSettings = {
				CODE_SIGN_ENTITLEMENTS = BeeFocusShieldExtension/BeeFocusShieldExtension.entitlements;
				CODE_SIGN_IDENTITY = "Apple Development";
				CODE_SIGN_STYLE = Automatic;
				CURRENT_PROJECT_VERSION = 1;
				DEVELOPMENT_TEAM = ND9SX9FU46;
				GENERATE_INFOPLIST_FILE = YES;
				INFOPLIST_FILE = BeeFocusShieldExtension/Info.plist;
				INFOPLIST_KEY_CFBundleDisplayName = BeeFocusShieldExtension;
				INFOPLIST_KEY_NSHumanReadableCopyright = "";
				IPHONEOS_DEPLOYMENT_TARGET = 26.4;
				LD_RUNPATH_SEARCH_PATHS = (
					"$(inherited)",
					"@executable_path/Frameworks",
					"@executable_path/../../Frameworks",
				);
				MARKETING_VERSION = 1.0;
				PRODUCT_BUNDLE_IDENTIFIER = "com.TorbenLehneke.BeeFocus-ofc.BeeFocusShieldExtension";
				PRODUCT_NAME = "$(TARGET_NAME)";
				PROVISIONING_PROFILE_SPECIFIER = "";
				SKIP_INSTALL = YES;
				STRING_CATALOG_GENERATE_SYMBOLS = YES;
				SWIFT_APPROACHABLE_CONCURRENCY = YES;
				SWIFT_EMIT_LOC_STRINGS = YES;
				SWIFT_UPCOMING_FEATURE_MEMBER_IMPORT_VISIBILITY = YES;
				SWIFT_VERSION = 5.0;
				TARGETED_DEVICE_FAMILY = "1,2";
			};
			name = Release;
		};
		4CAAF9A52FC4F3A20066FDCD /* Debug */ = {
			isa = XCBuildConfiguration;
			buildSettings = {
				ASSETCATALOG_COMPILER_APPICON_NAME = AppIcon;
				ASSETCATALOG_COMPILER_GLOBAL_ACCENT_COLOR_NAME = AccentColor;
				CODE_SIGN_ENTITLEMENTS = "BeeFocusWatch Watch App/BeeFocusWatchApp.entitlements";
				CODE_SIGN_STYLE = Automatic;
				CURRENT_PROJECT_VERSION = 1;
				DEVELOPMENT_TEAM = ND9SX9FU46;
				ENABLE_PREVIEWS = YES;
				GENERATE_INFOPLIST_FILE = YES;
				INFOPLIST_KEY_CFBundleDisplayName = BeeFocusWatch;
				INFOPLIST_KEY_UISupportedInterfaceOrientations = "UIInterfaceOrientationPortrait UIInterfaceOrientationPortraitUpsideDown";
				INFOPLIST_KEY_WKCompanionAppBundleIdentifier = "com.TorbenLehneke.BeeFocus-ofc.BeeFocusWatch";
				LD_RUNPATH_SEARCH_PATHS = (
					"$(inherited)",
					"@executable_path/Frameworks",
				);
				MARKETING_VERSION = 1.0;
				PRODUCT_BUNDLE_IDENTIFIER = "com.TorbenLehneke.BeeFocus-ofc.BeeFocusWatch.watchkitapp";
				PRODUCT_NAME = "$(TARGET_NAME)";
				SDKROOT = watchos;
				SKIP_INSTALL = YES;
				STRING_CATALOG_GENERATE_SYMBOLS = YES;
				SWIFT_APPROACHABLE_CONCURRENCY = YES;
				SWIFT_DEFAULT_ACTOR_ISOLATION = MainActor;
				SWIFT_EMIT_LOC_STRINGS = YES;
				SWIFT_UPCOMING_FEATURE_MEMBER_IMPORT_VISIBILITY = YES;
				SWIFT_VERSION = 5.0;
				TARGETED_DEVICE_FAMILY = 4;
				WATCHOS_DEPLOYMENT_TARGET = 26.4;
			};
			name = Debug;
		};
		4CAAF9A62FC4F3A20066FDCD /* Release */ = {
			isa = XCBuildConfiguration;
			buildSettings = {
				ASSETCATALOG_COMPILER_APPICON_NAME = AppIcon;
				ASSETCATALOG_COMPILER_GLOBAL_ACCENT_COLOR_NAME = AccentColor;
				CODE_SIGN_ENTITLEMENTS = "BeeFocusWatch Watch App/BeeFocusWatchApp.entitlements";
				CODE_SIGN_STYLE = Automatic;
				CURRENT_PROJECT_VERSION = 1;
				DEVELOPMENT_TEAM = ND9SX9FU46;
				ENABLE_PREVIEWS = YES;
				GENERATE_INFOPLIST_FILE = YES;
				INFOPLIST_KEY_CFBundleDisplayName = BeeFocusWatch;
				INFOPLIST_KEY_UISupportedInterfaceOrientations = "UIInterfaceOrientationPortrait UIInterfaceOrientationPortraitUpsideDown";
				INFOPLIST_KEY_WKCompanionAppBundleIdentifier = "com.TorbenLehneke.BeeFocus-ofc.BeeFocusWatch";
				LD_RUNPATH_SEARCH_PATHS = (
					"$(inherited)",
					"@executable_path/Frameworks",
				);
				MARKETING_VERSION = 1.0;
				PRODUCT_BUNDLE_IDENTIFIER = "com.TorbenLehneke.BeeFocus-ofc.BeeFocusWatch.watchkitapp";
				PRODUCT_NAME = "$(TARGET_NAME)";
				SDKROOT = watchos;
				SKIP_INSTALL = YES;
				STRING_CATALOG_GENERATE_SYMBOLS = YES;
				SWIFT_APPROACHABLE_CONCURRENCY = YES;
				SWIFT_DEFAULT_ACTOR_ISOLATION = MainActor;
				SWIFT_EMIT_LOC_STRINGS = YES;
				SWIFT_UPCOMING_FEATURE_MEMBER_IMPORT_VISIBILITY = YES;
				SWIFT_VERSION = 5.0;
				TARGETED_DEVICE_FAMILY = 4;
				WATCHOS_DEPLOYMENT_TARGET = 26.4;
			};
			name = Release;
		};
		4CAAF9AC2FC4F3A20066FDCD /* Debug */ = {
			isa = XCBuildConfiguration;
			buildSettings = {
				BUNDLE_LOADER = "$(TEST_HOST)";
				CODE_SIGN_STYLE = Automatic;
				CURRENT_PROJECT_VERSION = 1;
				DEVELOPMENT_TEAM = ND9SX9FU46;
				GENERATE_INFOPLIST_FILE = YES;
				IPHONEOS_DEPLOYMENT_TARGET = 26.4;
				MARKETING_VERSION = 1.0;
				PRODUCT_BUNDLE_IDENTIFIER = "com.TorbenLehneke.BeeFocus-ofc.BeeFocusWatchTests";
				PRODUCT_NAME = "$(TARGET_NAME)";
				STRING_CATALOG_GENERATE_SYMBOLS = NO;
				SWIFT_APPROACHABLE_CONCURRENCY = YES;
				SWIFT_EMIT_LOC_STRINGS = NO;
				SWIFT_UPCOMING_FEATURE_MEMBER_IMPORT_VISIBILITY = YES;
				SWIFT_VERSION = 5.0;
				TARGETED_DEVICE_FAMILY = "1,2";
				TEST_HOST = "$(BUILT_PRODUCTS_DIR)/BeeFocusWatch.app/$(BUNDLE_EXECUTABLE_FOLDER_PATH)/BeeFocusWatch";
			};
			name = Debug;
		};
		4CAAF9AD2FC4F3A20066FDCD /* Release */ = {
			isa = XCBuildConfiguration;
			buildSettings = {
				BUNDLE_LOADER = "$(TEST_HOST)";
				CODE_SIGN_STYLE = Automatic;
				CURRENT_PROJECT_VERSION = 1;
				DEVELOPMENT_TEAM = ND9SX9FU46;
				GENERATE_INFOPLIST_FILE = YES;
				IPHONEOS_DEPLOYMENT_TARGET = 26.4;
				MARKETING_VERSION = 1.0;
				PRODUCT_BUNDLE_IDENTIFIER = "com.TorbenLehneke.BeeFocus-ofc.BeeFocusWatchTests";
				PRODUCT_NAME = "$(TARGET_NAME)";
				STRING_CATALOG_GENERATE_SYMBOLS = NO;
				SWIFT_APPROACHABLE_CONCURRENCY = YES;
				SWIFT_EMIT_LOC_STRINGS = NO;
				SWIFT_UPCOMING_FEATURE_MEMBER_IMPORT_VISIBILITY = YES;
				SWIFT_VERSION = 5.0;
				TARGETED_DEVICE_FAMILY = "1,2";
				TEST_HOST = "$(BUILT_PRODUCTS_DIR)/BeeFocusWatch.app/$(BUNDLE_EXECUTABLE_FOLDER_PATH)/BeeFocusWatch";
			};
			name = Release;
		};
		4CAAF9AF2FC4F3A20066FDCD /* Debug */ = {
			isa = XCBuildConfiguration;
			buildSettings = {
				CODE_SIGN_STYLE = Automatic;
				CURRENT_PROJECT_VERSION = 1;
				DEVELOPMENT_TEAM = ND9SX9FU46;
				GENERATE_INFOPLIST_FILE = YES;
				IPHONEOS_DEPLOYMENT_TARGET = 26.4;
				MARKETING_VERSION = 1.0;
				PRODUCT_BUNDLE_IDENTIFIER = "com.TorbenLehneke.BeeFocus-ofc.BeeFocusWatchUITests";
				PRODUCT_NAME = "$(TARGET_NAME)";
				STRING_CATALOG_GENERATE_SYMBOLS = NO;
				SWIFT_APPROACHABLE_CONCURRENCY = YES;
				SWIFT_EMIT_LOC_STRINGS = NO;
				SWIFT_UPCOMING_FEATURE_MEMBER_IMPORT_VISIBILITY = YES;
				SWIFT_VERSION = 5.0;
				TARGETED_DEVICE_FAMILY = "1,2";
				TEST_TARGET_NAME = BeeFocusWatch;
			};
			name = Debug;
		};
		4CAAF9B02FC4F3A20066FDCD /* Release */ = {
			isa = XCBuildConfiguration;
			buildSettings = {
				CODE_SIGN_STYLE = Automatic;
				CURRENT_PROJECT_VERSION = 1;
				DEVELOPMENT_TEAM = ND9SX9FU46;
				GENERATE_INFOPLIST_FILE = YES;
				IPHONEOS_DEPLOYMENT_TARGET = 26.4;
				MARKETING_VERSION = 1.0;
				PRODUCT_BUNDLE_IDENTIFIER = "com.TorbenLehneke.BeeFocus-ofc.BeeFocusWatchUITests";
				PRODUCT_NAME = "$(TARGET_NAME)";
				STRING_CATALOG_GENERATE_SYMBOLS = NO;
				SWIFT_APPROACHABLE_CONCURRENCY = YES;
				SWIFT_EMIT_LOC_STRINGS = NO;
				SWIFT_UPCOMING_FEATURE_MEMBER_IMPORT_VISIBILITY = YES;
				SWIFT_VERSION = 5.0;
				TARGETED_DEVICE_FAMILY = "1,2";
				TEST_TARGET_NAME = BeeFocusWatch;
			};
			name = Release;
		};
		4CAAF9B22FC4F3A20066FDCD /* Debug */ = {
			isa = XCBuildConfiguration;
			buildSettings = {
				BUNDLE_LOADER = "$(TEST_HOST)";
				CODE_SIGN_STYLE = Automatic;
				CURRENT_PROJECT_VERSION = 1;
				DEVELOPMENT_TEAM = ND9SX9FU46;
				GENERATE_INFOPLIST_FILE = YES;
				MARKETING_VERSION = 1.0;
				PRODUCT_BUNDLE_IDENTIFIER = "com.TorbenLehneke.BeeFocus-ofc.BeeFocusWatch-Watch-AppTests";
				PRODUCT_NAME = "$(TARGET_NAME)";
				SDKROOT = watchos;
				STRING_CATALOG_GENERATE_SYMBOLS = NO;
				SWIFT_APPROACHABLE_CONCURRENCY = YES;
				SWIFT_EMIT_LOC_STRINGS = NO;
				SWIFT_UPCOMING_FEATURE_MEMBER_IMPORT_VISIBILITY = YES;
				SWIFT_VERSION = 5.0;
				TARGETED_DEVICE_FAMILY = 4;
				TEST_HOST = "$(BUILT_PRODUCTS_DIR)/BeeFocusWatch Watch App.app/$(BUNDLE_EXECUTABLE_FOLDER_PATH)/BeeFocusWatch Watch App";
				WATCHOS_DEPLOYMENT_TARGET = 26.4;
			};
			name = Debug;
		};
		4CAAF9B32FC4F3A20066FDCD /* Release */ = {
			isa = XCBuildConfiguration;
			buildSettings = {
				BUNDLE_LOADER = "$(TEST_HOST)";
				CODE_SIGN_STYLE = Automatic;
				CURRENT_PROJECT_VERSION = 1;
				DEVELOPMENT_TEAM = ND9SX9FU46;
				GENERATE_INFOPLIST_FILE = YES;
				MARKETING_VERSION = 1.0;
				PRODUCT_BUNDLE_IDENTIFIER = "com.TorbenLehneke.BeeFocus-ofc.BeeFocusWatch-Watch-AppTests";
				PRODUCT_NAME = "$(TARGET_NAME)";
				SDKROOT = watchos;
				STRING_CATALOG_GENERATE_SYMBOLS = NO;
				SWIFT_APPROACHABLE_CONCURRENCY = YES;
				SWIFT_EMIT_LOC_STRINGS = NO;
				SWIFT_UPCOMING_FEATURE_MEMBER_IMPORT_VISIBILITY = YES;
				SWIFT_VERSION = 5.0;
				TARGETED_DEVICE_FAMILY = 4;
				TEST_HOST = "$(BUILT_PRODUCTS_DIR)/BeeFocusWatch Watch App.app/$(BUNDLE_EXECUTABLE_FOLDER_PATH)/BeeFocusWatch Watch App";
				WATCHOS_DEPLOYMENT_TARGET = 26.4;
			};
			name = Release;
		};
		4CAAF9B52FC4F3A20066FDCD /* Debug */ = {
			isa = XCBuildConfiguration;
			buildSettings = {
				CODE_SIGN_STYLE = Automatic;
				CURRENT_PROJECT_VERSION = 1;
				DEVELOPMENT_TEAM = ND9SX9FU46;
				GENERATE_INFOPLIST_FILE = YES;
				MARKETING_VERSION = 1.0;
				PRODUCT_BUNDLE_IDENTIFIER = "com.TorbenLehneke.BeeFocus-ofc.BeeFocusWatch-Watch-AppUITests";
				PRODUCT_NAME = "$(TARGET_NAME)";
				SDKROOT = watchos;
				STRING_CATALOG_GENERATE_SYMBOLS = NO;
				SWIFT_APPROACHABLE_CONCURRENCY = YES;
				SWIFT_EMIT_LOC_STRINGS = NO;
				SWIFT_UPCOMING_FEATURE_MEMBER_IMPORT_VISIBILITY = YES;
				SWIFT_VERSION = 5.0;
				TARGETED_DEVICE_FAMILY = 4;
				TEST_TARGET_NAME = "BeeFocusWatch Watch App";
				WATCHOS_DEPLOYMENT_TARGET = 26.4;
			};
			name = Debug;
		};
		4CAAF9B62FC4F3A20066FDCD /* Release */ = {
			isa = XCBuildConfiguration;
			buildSettings = {
				CODE_SIGN_STYLE = Automatic;
				CURRENT_PROJECT_VERSION = 1;
				DEVELOPMENT_TEAM = ND9SX9FU46;
				GENERATE_INFOPLIST_FILE = YES;
				MARKETING_VERSION = 1.0;
				PRODUCT_BUNDLE_IDENTIFIER = "com.TorbenLehneke.BeeFocus-ofc.BeeFocusWatch-Watch-AppUITests";
				PRODUCT_NAME = "$(TARGET_NAME)";
				SDKROOT = watchos;
				STRING_CATALOG_GENERATE_SYMBOLS = NO;
				SWIFT_APPROACHABLE_CONCURRENCY = YES;
				SWIFT_EMIT_LOC_STRINGS = NO;
				SWIFT_UPCOMING_FEATURE_MEMBER_IMPORT_VISIBILITY = YES;
				SWIFT_VERSION = 5.0;
				TARGETED_DEVICE_FAMILY = 4;
				TEST_TARGET_NAME = "BeeFocusWatch Watch App";
				WATCHOS_DEPLOYMENT_TARGET = 26.4;
			};
			name = Release;
		};
		4CCA1DD62DFF618B007F640D /* Debug */ = {
			isa = XCBuildConfiguration;
			buildSettings = {
				ALWAYS_SEARCH_USER_PATHS = NO;
				ASSETCATALOG_COMPILER_GENERATE_SWIFT_ASSET_SYMBOL_EXTENSIONS = YES;
				CLANG_ANALYZER_NONNULL = YES;
				CLANG_ANALYZER_NUMBER_OBJECT_CONVERSION = YES_AGGRESSIVE;
				CLANG_CXX_LANGUAGE_STANDARD = "gnu++20";
				CLANG_ENABLE_MODULES = YES;
				CLANG_ENABLE_OBJC_ARC = YES;
				CLANG_ENABLE_OBJC_WEAK = YES;
				CLANG_WARN_BLOCK_CAPTURE_AUTORELEASING = YES;
				CLANG_WARN_BOOL_CONVERSION = YES;
				CLANG_WARN_COMMA = YES;
				CLANG_WARN_CONSTANT_CONVERSION = YES;
				CLANG_WARN_DEPRECATED_OBJC_IMPLEMENTATIONS = YES;
				CLANG_WARN_DIRECT_OBJC_ISA_USAGE = YES_ERROR;
				CLANG_WARN_DOCUMENTATION_COMMENTS = YES;
				CLANG_WARN_EMPTY_BODY = YES;
				CLANG_WARN_ENUM_CONVERSION = YES;
				CLANG_WARN_INFINITE_RECURSION = YES;
				CLANG_WARN_INT_CONVERSION = YES;
				CLANG_WARN_NON_LITERAL_NULL_CONVERSION = YES;
				CLANG_WARN_OBJC_IMPLICIT_RETAIN_SELF = YES;
				CLANG_WARN_OBJC_LITERAL_CONVERSION = YES;
				CLANG_WARN_OBJC_ROOT_CLASS = YES_ERROR;
				CLANG_WARN_QUOTED_INCLUDE_IN_FRAMEWORK_HEADER = YES;
				CLANG_WARN_RANGE_LOOP_ANALYSIS = YES;
				CLANG_WARN_STRICT_PROTOTYPES = YES;
				CLANG_WARN_SUSPICIOUS_MOVE = YES;
				CLANG_WARN_UNGUARDED_AVAILABILITY = YES_AGGRESSIVE;
				CLANG_WARN_UNREACHABLE_CODE = YES;
				CLANG_WARN__DUPLICATE_METHOD_MATCH = YES;
				COPY_PHASE_STRIP = NO;
				DEBUG_INFORMATION_FORMAT = dwarf;
				DEVELOPMENT_TEAM = ND9SX9FU46;
				ENABLE_STRICT_OBJC_MSGSEND = YES;
				ENABLE_TESTABILITY = YES;
				ENABLE_USER_SCRIPT_SANDBOXING = YES;
				GCC_C_LANGUAGE_STANDARD = gnu17;
				GCC_DYNAMIC_NO_PIC = NO;
				GCC_NO_COMMON_BLOCKS = YES;
				GCC_OPTIMIZATION_LEVEL = 0;
				GCC_PREPROCESSOR_DEFINITIONS = (
					"DEBUG=1",
					"$(inherited)",
				);
				GCC_WARN_64_TO_32_BIT_CONVERSION = YES;
				GCC_WARN_ABOUT_RETURN_TYPE = YES_ERROR;
				GCC_WARN_UNDECLARED_SELECTOR = YES;
				GCC_WARN_UNINITIALIZED_AUTOS = YES_AGGRESSIVE;
				GCC_WARN_UNUSED_FUNCTION = YES;
				GCC_WARN_UNUSED_VARIABLE = YES;
				IPHONEOS_DEPLOYMENT_TARGET = 18.5;
				LOCALIZATION_PREFERS_STRING_CATALOGS = YES;
				MTL_ENABLE_DEBUG_INFO = INCLUDE_SOURCE;
				MTL_FAST_MATH = YES;
				ONLY_ACTIVE_ARCH = YES;
				SDKROOT = iphoneos;
				SWIFT_ACTIVE_COMPILATION_CONDITIONS = "DEBUG $(inherited)";
				SWIFT_OPTIMIZATION_LEVEL = "-Onone";
			};
			name = Debug;
		};
		4CCA1DD72DFF618B007F640D /* Release */ = {
			isa = XCBuildConfiguration;
			buildSettings = {
				ALWAYS_SEARCH_USER_PATHS = NO;
				ASSETCATALOG_COMPILER_GENERATE_SWIFT_ASSET_SYMBOL_EXTENSIONS = YES;
				CLANG_ANALYZER_NONNULL = YES;
				CLANG_ANALYZER_NUMBER_OBJECT_CONVERSION = YES_AGGRESSIVE;
				CLANG_CXX_LANGUAGE_STANDARD = "gnu++20";
				CLANG_ENABLE_MODULES = YES;
				CLANG_ENABLE_OBJC_ARC = YES;
				CLANG_ENABLE_OBJC_WEAK = YES;
				CLANG_WARN_BLOCK_CAPTURE_AUTORELEASING = YES;
				CLANG_WARN_BOOL_CONVERSION = YES;
				CLANG_WARN_COMMA = YES;
				CLANG_WARN_CONSTANT_CONVERSION = YES;
				CLANG_WARN_DEPRECATED_OBJC_IMPLEMENTATIONS = YES;
				CLANG_WARN_DIRECT_OBJC_ISA_USAGE = YES_ERROR;
				CLANG_WARN_DOCUMENTATION_COMMENTS = YES;
				CLANG_WARN_EMPTY_BODY = YES;
				CLANG_WARN_ENUM_CONVERSION = YES;
				CLANG_WARN_INFINITE_RECURSION = YES;
				CLANG_WARN_INT_CONVERSION = YES;
				CLANG_WARN_NON_LITERAL_NULL_CONVERSION = YES;
				CLANG_WARN_OBJC_IMPLICIT_RETAIN_SELF = YES;
				CLANG_WARN_OBJC_LITERAL_CONVERSION = YES;
				CLANG_WARN_OBJC_ROOT_CLASS = YES_ERROR;
				CLANG_WARN_QUOTED_INCLUDE_IN_FRAMEWORK_HEADER = YES;
				CLANG_WARN_RANGE_LOOP_ANALYSIS = YES;
				CLANG_WARN_STRICT_PROTOTYPES = YES;
				CLANG_WARN_SUSPICIOUS_MOVE = YES;
				CLANG_WARN_UNGUARDED_AVAILABILITY = YES_AGGRESSIVE;
				CLANG_WARN_UNREACHABLE_CODE = YES;
				CLANG_WARN__DUPLICATE_METHOD_MATCH = YES;
				COPY_PHASE_STRIP = NO;
				DEBUG_INFORMATION_FORMAT = "dwarf-with-dsym";
				DEVELOPMENT_TEAM = ND9SX9FU46;
				ENABLE_NS_ASSERTIONS = NO;
				ENABLE_STRICT_OBJC_MSGSEND = YES;
				ENABLE_USER_SCRIPT_SANDBOXING = YES;
				GCC_C_LANGUAGE_STANDARD = gnu17;
				GCC_NO_COMMON_BLOCKS = YES;
				GCC_WARN_64_TO_32_BIT_CONVERSION = YES;
				GCC_WARN_ABOUT_RETURN_TYPE = YES_ERROR;
				GCC_WARN_UNDECLARED_SELECTOR = YES;
				GCC_WARN_UNINITIALIZED_AUTOS = YES_AGGRESSIVE;
				GCC_WARN_UNUSED_FUNCTION = YES;
				GCC_WARN_UNUSED_VARIABLE = YES;
				IPHONEOS_DEPLOYMENT_TARGET = 18.5;
				LOCALIZATION_PREFERS_STRING_CATALOGS = YES;
				MTL_ENABLE_DEBUG_INFO = NO;
				MTL_FAST_MATH = YES;
				SDKROOT = iphoneos;
				SWIFT_COMPILATION_MODE = wholemodule;
				VALIDATE_PRODUCT = YES;
			};
			name = Release;
		};
		4CCA1DD92DFF618B007F640D /* Debug */ = {
			isa = XCBuildConfiguration;
			buildSettings = {
				ALLOW_TARGET_PLATFORM_SPECIALIZATION = YES;
				ASSETCATALOG_COMPILER_APPICON_NAME = AppIcon;
				ASSETCATALOG_COMPILER_GLOBAL_ACCENT_COLOR_NAME = AccentColor;
				ASSETCATALOG_COMPILER_INCLUDE_ALL_APPICON_ASSETS = NO;
				CODE_SIGN_ENTITLEMENTS = BeeFocus_ofc/BeeFocus_ofc.entitlements;
				CODE_SIGN_IDENTITY = "Apple Development";
				"CODE_SIGN_IDENTITY[sdk=macosx*]" = "Apple Development";
				CODE_SIGN_STYLE = Automatic;
				CURRENT_PROJECT_VERSION = 1;
				DEVELOPMENT_TEAM = ND9SX9FU46;
				ENABLE_PREVIEWS = YES;
				GENERATE_INFOPLIST_FILE = YES;
				INFOPLIST_FILE = "BeeFocus-ofc-Info.plist";
				INFOPLIST_KEY_CFBundleDisplayName = BeeFocus;
				INFOPLIST_KEY_LSApplicationCategoryType = "public.app-category.productivity";
				INFOPLIST_KEY_LSSupportsOpeningDocumentsInPlace = YES;
				INFOPLIST_KEY_NSCalendarsUsageDescription = "BeeFocus benötigt Zugriff auf deinen Kalender, um Aufgaben zu planen.";
				INFOPLIST_KEY_NSCameraUsageDescription = "BeeFocus benötigt Kamerazugriff, um Fotos für deine Aufgaben aufzunehmen.";
				INFOPLIST_KEY_NSHealthShareUsageDescription = "BeeFocus liest Gesundheitsdaten, um deine Aktivität anzuzeigen.";
				INFOPLIST_KEY_NSHealthUpdateUsageDescription = "BeeFocus speichert deine Fokus-Aktivität in der Gesundheits-App.";
				INFOPLIST_KEY_UIApplicationSceneManifest_Generation = YES;
				INFOPLIST_KEY_UIApplicationSupportsIndirectInputEvents = YES;
				INFOPLIST_KEY_UILaunchScreen_Generation = YES;
				INFOPLIST_KEY_UILaunchStoryboardName = LaunchScreen;
				INFOPLIST_KEY_UIStatusBarHidden = NO;
				INFOPLIST_KEY_UIStatusBarStyle = "";
				INFOPLIST_KEY_UISupportedInterfaceOrientations = "UIInterfaceOrientationLandscapeLeft UIInterfaceOrientationLandscapeRight UIInterfaceOrientationPortrait UIInterfaceOrientationPortraitUpsideDown";
				IPHONEOS_DEPLOYMENT_TARGET = 18.5;
				LD_RUNPATH_SEARCH_PATHS = (
					"$(inherited)",
					"@executable_path/Frameworks",
				);
				MARKETING_VERSION = 5.1;
				PRODUCT_BUNDLE_IDENTIFIER = "com.TorbenLehneke.BeeFocus-ofc";
				PRODUCT_NAME = "$(TARGET_NAME)";
				PROVISIONING_PROFILE_SPECIFIER = "";
				SUPPORTED_PLATFORMS = "iphonesimulator iphoneos";
				SUPPORTS_MACCATALYST = YES;
				SWIFT_EMIT_LOC_STRINGS = YES;
				SWIFT_VERSION = 5.0;
				TARGETED_DEVICE_FAMILY = "1,2";
			};
			name = Debug;
		};
		4CCA1DDA2DFF618B007F640D /* Release */ = {
			isa = XCBuildConfiguration;
			buildSettings = {
				ALLOW_TARGET_PLATFORM_SPECIALIZATION = YES;
				ASSETCATALOG_COMPILER_APPICON_NAME = AppIcon;
				ASSETCATALOG_COMPILER_GLOBAL_ACCENT_COLOR_NAME = AccentColor;
				ASSETCATALOG_COMPILER_INCLUDE_ALL_APPICON_ASSETS = NO;
				CODE_SIGN_ENTITLEMENTS = BeeFocus_ofc/BeeFocus_ofc.entitlements;
				CODE_SIGN_IDENTITY = "Apple Development";
				"CODE_SIGN_IDENTITY[sdk=macosx*]" = "Apple Development";
				CODE_SIGN_STYLE = Automatic;
				CURRENT_PROJECT_VERSION = 1;
				DEVELOPMENT_TEAM = ND9SX9FU46;
				ENABLE_PREVIEWS = YES;
				GENERATE_INFOPLIST_FILE = YES;
				INFOPLIST_FILE = "BeeFocus-ofc-Info.plist";
				INFOPLIST_KEY_CFBundleDisplayName = BeeFocus;
				INFOPLIST_KEY_LSApplicationCategoryType = "public.app-category.productivity";
				INFOPLIST_KEY_LSSupportsOpeningDocumentsInPlace = YES;
				INFOPLIST_KEY_NSCalendarsUsageDescription = "BeeFocus benötigt Zugriff auf deinen Kalender, um Aufgaben zu planen.";
				INFOPLIST_KEY_NSCameraUsageDescription = "BeeFocus benötigt Kamerazugriff, um Fotos für deine Aufgaben aufzunehmen.";
				INFOPLIST_KEY_NSHealthShareUsageDescription = "BeeFocus liest Gesundheitsdaten, um deine Aktivität anzuzeigen.";
				INFOPLIST_KEY_NSHealthUpdateUsageDescription = "BeeFocus speichert deine Fokus-Aktivität in der Gesundheits-App.";
				INFOPLIST_KEY_UIApplicationSceneManifest_Generation = YES;
				INFOPLIST_KEY_UIApplicationSupportsIndirectInputEvents = YES;
				INFOPLIST_KEY_UILaunchScreen_Generation = YES;
				INFOPLIST_KEY_UILaunchStoryboardName = LaunchScreen;
				INFOPLIST_KEY_UIStatusBarHidden = NO;
				INFOPLIST_KEY_UIStatusBarStyle = "";
				INFOPLIST_KEY_UISupportedInterfaceOrientations = "UIInterfaceOrientationLandscapeLeft UIInterfaceOrientationLandscapeRight UIInterfaceOrientationPortrait UIInterfaceOrientationPortraitUpsideDown";
				IPHONEOS_DEPLOYMENT_TARGET = 18.5;
				LD_RUNPATH_SEARCH_PATHS = (
					"$(inherited)",
					"@executable_path/Frameworks",
				);
				MARKETING_VERSION = 5.1;
				PRODUCT_BUNDLE_IDENTIFIER = "com.TorbenLehneke.BeeFocus-ofc";
				PRODUCT_NAME = "$(TARGET_NAME)";
				PROVISIONING_PROFILE_SPECIFIER = "";
				SUPPORTED_PLATFORMS = "iphonesimulator iphoneos";
				SUPPORTS_MACCATALYST = YES;
				SWIFT_EMIT_LOC_STRINGS = YES;
				SWIFT_VERSION = 5.0;
				TARGETED_DEVICE_FAMILY = "1,2";
			};
			name = Release;
		};
/* End XCBuildConfiguration section */

/* Begin XCConfigurationList section */
		4C311F592FBA5B6200FC057E /* Build configuration list for PBXNativeTarget "BeeFocusWidgetExtension" */ = {
			isa = XCConfigurationList;
			buildConfigurations = (
				4C311F562FBA5B6200FC057E /* Debug */,
				4C311F572FBA5B6200FC057E /* Release */,
			);
			defaultConfigurationIsVisible = 0;
			defaultConfigurationName = Release;
		};
		4C3C4ED62FCEAFEC00035189 /* Build configuration list for PBXNativeTarget "BeeFocusMac" */ = {
			isa = XCConfigurationList;
			buildConfigurations = (
				4C3C4ED72FCEAFEC00035189 /* Debug */,
				4C3C4ED82FCEAFEC00035189 /* Release */,
			);
			defaultConfigurationIsVisible = 0;
			defaultConfigurationName = Release;
		};
		4C3C4ED92FCEAFEC00035189 /* Build configuration list for PBXNativeTarget "BeeFocusMacTests" */ = {
			isa = XCConfigurationList;
			buildConfigurations = (
				4C3C4EDA2FCEAFEC00035189 /* Debug */,
				4C3C4EDB2FCEAFEC00035189 /* Release */,
			);
			defaultConfigurationIsVisible = 0;
			defaultConfigurationName = Release;
		};
		4C3C4EDC2FCEAFEC00035189 /* Build configuration list for PBXNativeTarget "BeeFocusMacUITests" */ = {
			isa = XCConfigurationList;
			buildConfigurations = (
				4C3C4EDD2FCEAFEC00035189 /* Debug */,
				4C3C4EDE2FCEAFEC00035189 /* Release */,
			);
			defaultConfigurationIsVisible = 0;
			defaultConfigurationName = Release;
		};
		4CAAF9522FC383530066FDCD /* Build configuration list for PBXNativeTarget "BeeFocusShieldExtension" */ = {
			isa = XCConfigurationList;
			buildConfigurations = (
				4CAAF9532FC383530066FDCD /* Debug */,
				4CAAF9542FC383530066FDCD /* Release */,
			);
			defaultConfigurationIsVisible = 0;
			defaultConfigurationName = Release;
		};
		4CAAF9A42FC4F3A20066FDCD /* Build configuration list for PBXNativeTarget "BeeFocusWatch Watch App" */ = {
			isa = XCConfigurationList;
			buildConfigurations = (
				4CAAF9A52FC4F3A20066FDCD /* Debug */,
				4CAAF9A62FC4F3A20066FDCD /* Release */,
			);
			defaultConfigurationIsVisible = 0;
			defaultConfigurationName = Release;
		};
		4CAAF9AB2FC4F3A20066FDCD /* Build configuration list for PBXNativeTarget "BeeFocusWatchTests" */ = {
			isa = XCConfigurationList;
			buildConfigurations = (
				4CAAF9AC2FC4F3A20066FDCD /* Debug */,
				4CAAF9AD2FC4F3A20066FDCD /* Release */,
			);
			defaultConfigurationIsVisible = 0;
			defaultConfigurationName = Release;
		};
		4CAAF9AE2FC4F3A20066FDCD /* Build configuration list for PBXNativeTarget "BeeFocusWatchUITests" */ = {
			isa = XCConfigurationList;
			buildConfigurations = (
				4CAAF9AF2FC4F3A20066FDCD /* Debug */,
				4CAAF9B02FC4F3A20066FDCD /* Release */,
			);
			defaultConfigurationIsVisible = 0;
			defaultConfigurationName = Release;
		};
		4CAAF9B12FC4F3A20066FDCD /* Build configuration list for PBXNativeTarget "BeeFocusWatch Watch AppTests" */ = {
			isa = XCConfigurationList;
			buildConfigurations = (
				4CAAF9B22FC4F3A20066FDCD /* Debug */,
				4CAAF9B32FC4F3A20066FDCD /* Release */,
			);
			defaultConfigurationIsVisible = 0;
			defaultConfigurationName = Release;
		};
		4CAAF9B42FC4F3A20066FDCD /* Build configuration list for PBXNativeTarget "BeeFocusWatch Watch AppUITests" */ = {
			isa = XCConfigurationList;
			buildConfigurations = (
				4CAAF9B52FC4F3A20066FDCD /* Debug */,
				4CAAF9B62FC4F3A20066FDCD /* Release */,
			);
			defaultConfigurationIsVisible = 0;
			defaultConfigurationName = Release;
		};
		4CCA1DC82DFF618A007F640D /* Build configuration list for PBXProject "BeeFocus_ofc" */ = {
			isa = XCConfigurationList;
			buildConfigurations = (
				4CCA1DD62DFF618B007F640D /* Debug */,
				4CCA1DD72DFF618B007F640D /* Release */,
			);
			defaultConfigurationIsVisible = 0;
			defaultConfigurationName = Release;
		};
		4CCA1DD82DFF618B007F640D /* Build configuration list for PBXNativeTarget "BeeFocus_ofc" */ = {
			isa = XCConfigurationList;
			buildConfigurations = (
				4CCA1DD92DFF618B007F640D /* Debug */,
				4CCA1DDA2DFF618B007F640D /* Release */,
			);
			defaultConfigurationIsVisible = 0;
			defaultConfigurationName = Release;
		};
/* End XCConfigurationList section */

/* Begin XCRemoteSwiftPackageReference section */
		4C8B695E2E1C82D800C30F43 /* XCRemoteSwiftPackageReference "lottie-ios" */ = {
			isa = XCRemoteSwiftPackageReference;
			repositoryURL = "https://github.com/airbnb/lottie-ios";
			requirement = {
				kind = upToNextMajorVersion;
				minimumVersion = 4.4.0;
			};
		};
/* End XCRemoteSwiftPackageReference section */

/* Begin XCSwiftPackageProductDependency section */
		4C8B695F2E1C82D800C30F43 /* Lottie */ = {
			isa = XCSwiftPackageProductDependency;
			package = 4C8B695E2E1C82D800C30F43 /* XCRemoteSwiftPackageReference "lottie-ios" */;
			productName = Lottie;
		};
/* End XCSwiftPackageProductDependency section */
	};
	rootObject = 4CCA1DC52DFF618A007F640D /* Project object */;
}
